
Microsoft Visual Studio Solution File, Format Version 12.00
# Visual Studio Version 16
VisualStudioVersion = 16.0.31112.23
MinimumVisualStudioVersion = 10.0.40219.1
Project("{FAE04EC0-301F-11D3-BF4B-00C04F79EFBC}") = "Master Detail Page.Android", "Master Detail Page.Android\Master Detail Page.Android.csproj", "{92B472F8-8DBB-4284-821B-81C8D211EBF3}"
EndProject
Project("{FAE04EC0-301F-11D3-BF4B-00C04F79EFBC}") = "Master Detail Page.iOS", "Master Detail Page.iOS\Master Detail Page.iOS.csproj", "{4E0E83AC-5454-4256-A9F3-907975C08221}"
EndProject
Project("{FAE04EC0-301F-11D3-BF4B-00C04F79EFBC}") = "Master Detail Page", "Master Detail Page\Master Detail Page.csproj", "{4BFA9FAE-4B26-43C2-86BE-850E5D3E3A0A}"
EndProject
Global
	GlobalSection(SolutionConfigurationPlatforms) = preSolution
		Debug|Any CPU = Debug|Any CPU
		Debug|iPhone = Debug|iPhone
		Debug|iPhoneSimulator = Debug|iPhoneSimulator
		Release|Any CPU = Release|Any CPU
		Release|iPhone = Release|iPhone
		Release|iPhoneSimulator = Release|iPhoneSimulator
	EndGlobalSection
	GlobalSection(ProjectConfigurationPlatforms) = postSolution
		{92B472F8-8DBB-4284-821B-81C8D211EBF3}.Debug|Any CPU.ActiveCfg = Debug|Any CPU
		{92B472F8-8DBB-4284-821B-81C8D211EBF3}.Debug|Any CPU.Build.0 = Debug|Any CPU
		{92B472F8-8DBB-4284-821B-81C8D211EBF3}.Debug|Any CPU.Deploy.0 = Debug|Any CPU
		{92B472F8-8DBB-4284-821B-81C8D211EBF3}.Debug|iPhone.ActiveCfg = Debug|Any CPU
		{92B472F8-8DBB-4284-821B-81C8D211EBF3}.Debug|iPhone.Build.0 = Debug|Any CPU
		{92B472F8-8DBB-4284-821B-81C8D211EBF3}.Debug|iPhone.Deploy.0 = Debug|Any CPU
		{92B472F8-8DBB-4284-821B-81C8D211EBF3}.Debug|iPhoneSimulator.ActiveCfg = Debug|Any CPU
		{92B472F8-8DBB-4284-821B-81C8D211EBF3}.Debug|iPhoneSimulator.Build.0 = Debug|Any CPU
		{92B472F8-8DBB-4284-821B-81C8D211EBF3}.Debug|iPhoneSimulator.Deploy.0 = Debug|Any CPU
		{92B472F8-8DBB-4284-821B-81C8D211EBF3}.Release|Any CPU.ActiveCfg = Release|Any CPU
		{92B472F8-8DBB-4284-821B-81C8D211EBF3}.Release|Any CPU.Build.0 = Release|Any CPU
		{92B472F8-8DBB-4284-821B-81C8D211EBF3}.Release|Any CPU.Deploy.0 = Release|Any CPU
		{92B472F8-8DBB-4284-821B-81C8D211EBF3}.Release|iPhone.ActiveCfg = Release|Any CPU
		{92B472F8-8DBB-4284-821B-81C8D211EBF3}.Release|iPhone.Build.0 = Release|Any CPU
		{92B472F8-8DBB-4284-821B-81C8D211EBF3}.Release|iPhone.Deploy.0 = Release|Any CPU
		{92B472F8-8DBB-4284-821B-81C8D211EBF3}.Release|iPhoneSimulator.ActiveCfg = Release|Any CPU
		{92B472F8-8DBB-4284-821B-81C8D211EBF3}.Release|iPhoneSimulator.Build.0 = Release|Any CPU
		{92B472F8-8DBB-4284-821B-81C8D211EBF3}.Release|iPhoneSimulator.Deploy.0 = Release|Any CPU
		{4E0E83AC-5454-4256-A9F3-907975C08221}.Debug|Any CPU.ActiveCfg = Debug|iPhone
		{4E0E83AC-5454-4256-A9F3-907975C08221}.Debug|Any CPU.Build.0 = Debug|iPhone
		{4E0E83AC-5454-4256-A9F3-907975C08221}.Debug|Any CPU.Deploy.0 = Debug|iPhone
		{4E0E83AC-5454-4256-A9F3-907975C08221}.Debug|iPhone.ActiveCfg = Debug|iPhone
		{4E0E83AC-5454-4256-A9F3-907975C08221}.Debug|iPhone.Build.0 = Debug|iPhone
		{4E0E83AC-5454-4256-A9F3-907975C08221}.Debug|iPhone.Deploy.0 = Debug|iPhone
		{4E0E83AC-5454-4256-A9F3-907975C08221}.Debug|iPhoneSimulator.ActiveCfg = Debug|iPhoneSimulator
		{4E0E83AC-5454-4256-A9F3-907975C08221}.Debug|iPhoneSimulator.Build.0 = Debug|iPhoneSimulator
		{4E0E83AC-5454-4256-A9F3-907975C08221}.Debug|iPhoneSimulator.Deploy.0 = Debug|iPhoneSimulator
		{4E0E83AC-5454-4256-A9F3-907975C08221}.Release|Any CPU.ActiveCfg = Release|iPhoneSimulator
		{4E0E83AC-5454-4256-A9F3-907975C08221}.Release|Any CPU.Build.0 = Release|iPhoneSimulator
		{4E0E83AC-5454-4256-A9F3-907975C08221}.Release|Any CPU.Deploy.0 = Release|iPhoneSimulator
		{4E0E83AC-5454-4256-A9F3-907975C08221}.Release|iPhone.ActiveCfg = Release|iPhone
		{4E0E83AC-5454-4256-A9F3-907975C08221}.Release|iPhone.Build.0 = Release|iPhone
		{4E0E83AC-5454-4256-A9F3-907975C08221}.Release|iPhone.Deploy.0 = Release|iPhone
		{4E0E83AC-5454-4256-A9F3-907975C08221}.Release|iPhoneSimulator.ActiveCfg = Release|iPhoneSimulator
		{4E0E83AC-5454-4256-A9F3-907975C08221}.Release|iPhoneSimulator.Build.0 = Release|iPhoneSimulator
		{4E0E83AC-5454-4256-A9F3-907975C08221}.Release|iPhoneSimulator.Deploy.0 = Release|iPhoneSimulator
		{4BFA9FAE-4B26-43C2-86BE-850E5D3E3A0A}.Debug|Any CPU.ActiveCfg = Debug|Any CPU
		{4BFA9FAE-4B26-43C2-86BE-850E5D3E3A0A}.Debug|Any CPU.Build.0 = Debug|Any CPU
		{4BFA9FAE-4B26-43C2-86BE-850E5D3E3A0A}.Debug|Any CPU.Deploy.0 = Debug|Any CPU
		{4BFA9FAE-4B26-43C2-86BE-850E5D3E3A0A}.Debug|iPhone.ActiveCfg = Debug|Any CPU
		{4BFA9FAE-4B26-43C2-86BE-850E5D3E3A0A}.Debug|iPhone.Build.0 = Debug|Any CPU
		{4BFA9FAE-4B26-43C2-86BE-850E5D3E3A0A}.Debug|iPhone.Deploy.0 = Debug|Any CPU
		{4BFA9FAE-4B26-43C2-86BE-850E5D3E3A0A}.Debug|iPhoneSimulator.ActiveCfg = Debug|Any CPU
		{4BFA9FAE-4B26-43C2-86BE-850E5D3E3A0A}.Debug|iPhoneSimulator.Build.0 = Debug|Any CPU
		{4BFA9FAE-4B26-43C2-86BE-850E5D3E3A0A}.Debug|iPhoneSimulator.Deploy.0 = Debug|Any CPU
		{4BFA9FAE-4B26-43C2-86BE-850E5D3E3A0A}.Release|Any CPU.ActiveCfg = Release|Any CPU
		{4BFA9FAE-4B26-43C2-86BE-850E5D3E3A0A}.Release|Any CPU.Build.0 = Release|Any CPU
		{4BFA9FAE-4B26-43C2-86BE-850E5D3E3A0A}.Release|Any CPU.Deploy.0 = Release|Any CPU
		{4BFA9FAE-4B26-43C2-86BE-850E5D3E3A0A}.Release|iPhone.ActiveCfg = Release|Any CPU
		{4BFA9FAE-4B26-43C2-86BE-850E5D3E3A0A}.Release|iPhone.Build.0 = Release|Any CPU
		{4BFA9FAE-4B26-43C2-86BE-850E5D3E3A0A}.Release|iPhone.Deploy.0 = Release|Any CPU
		{4BFA9FAE-4B26-43C2-86BE-850E5D3E3A0A}.Release|iPhoneSimulator.ActiveCfg = Release|Any CPU
		{4BFA9FAE-4B26-43C2-86BE-850E5D3E3A0A}.Release|iPhoneSimulator.Build.0 = Release|Any CPU
		{4BFA9FAE-4B26-43C2-86BE-850E5D3E3A0A}.Release|iPhoneSimulator.Deploy.0 = Release|Any CPU
	EndGlobalSection
	GlobalSection(SolutionProperties) = preSolution
		HideSolutionNode = FALSE
	EndGlobalSection
	GlobalSection(ExtensibilityGlobals) = postSolution
		SolutionGuid = {AD7848B8-E47D-499E-86ED-5C0F0302E62F}
	EndGlobalSection
EndGlobal
